
Microsoft Visual Studio Solution File, Format Version 12.00
# Visual Studio Version 16
VisualStudioVersion = 16.0.29418.71
MinimumVisualStudioVersion = 10.0.40219.1
Project("{D954291E-2A0B-460D-934E-DC6B0785DB48}") = "SpeechApp.Shared", "SpeechApp\SpeechApp.Shared\SpeechApp.Shared.shproj", "{6279C845-92F8-4333-AB99-3D213163593C}"
EndProject
Project("{FAE04EC0-301F-11D3-BF4B-00C04F79EFBC}") = "SpeechApp.Droid", "SpeechApp\SpeechApp.Droid\SpeechApp.Droid.csproj", "{CFE8799D-DC1E-4F5B-A0EF-17A3328AD628}"
EndProject
Project("{FAE04EC0-301F-11D3-BF4B-00C04F79EFBC}") = "SpeechApp.iOS", "SpeechApp\SpeechApp.iOS\SpeechApp.iOS.csproj", "{B8527304-BF99-4658-821F-EAE2EE8D28D3}"
EndProject
Project("{FAE04EC0-301F-11D3-BF4B-00C04F79EFBC}") = "SpeechApp.UWP", "SpeechApp\SpeechApp.UWP\SpeechApp.UWP.csproj", "{4C70E819-DE56-4D29-87A8-096B7D91815F}"
EndProject
Project("{9A19103F-16F7-4668-BE54-9A1E7A4F7556}") = "SpeechApp.Wasm", "SpeechApp\SpeechApp.Wasm\SpeechApp.Wasm.csproj", "{DCE66784-4E4E-4009-9070-BA283CA1EF2C}"
EndProject
Global
	GlobalSection(SharedMSBuildProjectFiles) = preSolution
		SpeechApp\SpeechApp.Shared\SpeechApp.Shared.projitems*{4c70e819-de56-4d29-87a8-096b7d91815f}*SharedItemsImports = 4
		SpeechApp\SpeechApp.Shared\SpeechApp.Shared.projitems*{6279c845-92f8-4333-ab99-3d213163593c}*SharedItemsImports = 13
		SpeechApp\SpeechApp.Shared\SpeechApp.Shared.projitems*{b8527304-bf99-4658-821f-eae2ee8d28d3}*SharedItemsImports = 4
		SpeechApp\SpeechApp.Shared\SpeechApp.Shared.projitems*{cfe8799d-dc1e-4f5b-a0ef-17a3328ad628}*SharedItemsImports = 4
	EndGlobalSection
	GlobalSection(SolutionConfigurationPlatforms) = preSolution
		Ad-Hoc|Any CPU = Ad-Hoc|Any CPU
		Ad-Hoc|ARM = Ad-Hoc|ARM
		Ad-Hoc|iPhone = Ad-Hoc|iPhone
		Ad-Hoc|iPhoneSimulator = Ad-Hoc|iPhoneSimulator
		Ad-Hoc|x64 = Ad-Hoc|x64
		Ad-Hoc|x86 = Ad-Hoc|x86
		AppStore|Any CPU = AppStore|Any CPU
		AppStore|ARM = AppStore|ARM
		AppStore|iPhone = AppStore|iPhone
		AppStore|iPhoneSimulator = AppStore|iPhoneSimulator
		AppStore|x64 = AppStore|x64
		AppStore|x86 = AppStore|x86
		Debug|Any CPU = Debug|Any CPU
		Debug|ARM = Debug|ARM
		Debug|iPhone = Debug|iPhone
		Debug|iPhoneSimulator = Debug|iPhoneSimulator
		Debug|x64 = Debug|x64
		Debug|x86 = Debug|x86
		Release|Any CPU = Release|Any CPU
		Release|ARM = Release|ARM
		Release|iPhone = Release|iPhone
		Release|iPhoneSimulator = Release|iPhoneSimulator
		Release|x64 = Release|x64
		Release|x86 = Release|x86
	EndGlobalSection
	GlobalSection(ProjectConfigurationPlatforms) = postSolution
		{CFE8799D-DC1E-4F5B-A0EF-17A3328AD628}.Ad-Hoc|Any CPU.ActiveCfg = Release|Any CPU
		{CFE8799D-DC1E-4F5B-A0EF-17A3328AD628}.Ad-Hoc|Any CPU.Build.0 = Release|Any CPU
		{CFE8799D-DC1E-4F5B-A0EF-17A3328AD628}.Ad-Hoc|Any CPU.Deploy.0 = Release|Any CPU
		{CFE8799D-DC1E-4F5B-A0EF-17A3328AD628}.Ad-Hoc|ARM.ActiveCfg = Release|Any CPU
		{CFE8799D-DC1E-4F5B-A0EF-17A3328AD628}.Ad-Hoc|ARM.Build.0 = Release|Any CPU
		{CFE8799D-DC1E-4F5B-A0EF-17A3328AD628}.Ad-Hoc|ARM.Deploy.0 = Release|Any CPU
		{CFE8799D-DC1E-4F5B-A0EF-17A3328AD628}.Ad-Hoc|iPhone.ActiveCfg = Release|Any CPU
		{CFE8799D-DC1E-4F5B-A0EF-17A3328AD628}.Ad-Hoc|iPhone.Build.0 = Release|Any CPU
		{CFE8799D-DC1E-4F5B-A0EF-17A3328AD628}.Ad-Hoc|iPhone.Deploy.0 = Release|Any CPU
		{CFE8799D-DC1E-4F5B-A0EF-17A3328AD628}.Ad-Hoc|iPhoneSimulator.ActiveCfg = Release|Any CPU
		{CFE8799D-DC1E-4F5B-A0EF-17A3328AD628}.Ad-Hoc|iPhoneSimulator.Build.0 = Release|Any CPU
		{CFE8799D-DC1E-4F5B-A0EF-17A3328AD628}.Ad-Hoc|iPhoneSimulator.Deploy.0 = Release|Any CPU
		{CFE8799D-DC1E-4F5B-A0EF-17A3328AD628}.Ad-Hoc|x64.ActiveCfg = Release|Any CPU
		{CFE8799D-DC1E-4F5B-A0EF-17A3328AD628}.Ad-Hoc|x64.Build.0 = Release|Any CPU
		{CFE8799D-DC1E-4F5B-A0EF-17A3328AD628}.Ad-Hoc|x64.Deploy.0 = Release|Any CPU
		{CFE8799D-DC1E-4F5B-A0EF-17A3328AD628}.Ad-Hoc|x86.ActiveCfg = Release|Any CPU
		{CFE8799D-DC1E-4F5B-A0EF-17A3328AD628}.Ad-Hoc|x86.Build.0 = Release|Any CPU
		{CFE8799D-DC1E-4F5B-A0EF-17A3328AD628}.Ad-Hoc|x86.Deploy.0 = Release|Any CPU
		{CFE8799D-DC1E-4F5B-A0EF-17A3328AD628}.AppStore|Any CPU.ActiveCfg = Release|Any CPU
		{CFE8799D-DC1E-4F5B-A0EF-17A3328AD628}.AppStore|Any CPU.Build.0 = Release|Any CPU
		{CFE8799D-DC1E-4F5B-A0EF-17A3328AD628}.AppStore|Any CPU.Deploy.0 = Release|Any CPU
		{CFE8799D-DC1E-4F5B-A0EF-17A3328AD628}.AppStore|ARM.ActiveCfg = Release|Any CPU
		{CFE8799D-DC1E-4F5B-A0EF-17A3328AD628}.AppStore|ARM.Build.0 = Release|Any CPU
		{CFE8799D-DC1E-4F5B-A0EF-17A3328AD628}.AppStore|ARM.Deploy.0 = Release|Any CPU
		{CFE8799D-DC1E-4F5B-A0EF-17A3328AD628}.AppStore|iPhone.ActiveCfg = Release|Any CPU
		{CFE8799D-DC1E-4F5B-A0EF-17A3328AD628}.AppStore|iPhone.Build.0 = Release|Any CPU
		{CFE8799D-DC1E-4F5B-A0EF-17A3328AD628}.AppStore|iPhone.Deploy.0 = Release|Any CPU
		{CFE8799D-DC1E-4F5B-A0EF-17A3328AD628}.AppStore|iPhoneSimulator.ActiveCfg = Release|Any CPU
		{CFE8799D-DC1E-4F5B-A0EF-17A3328AD628}.AppStore|iPhoneSimulator.Build.0 = Release|Any CPU
		{CFE8799D-DC1E-4F5B-A0EF-17A3328AD628}.AppStore|iPhoneSimulator.Deploy.0 = Release|Any CPU
		{CFE8799D-DC1E-4F5B-A0EF-17A3328AD628}.AppStore|x64.ActiveCfg = Release|Any CPU
		{CFE8799D-DC1E-4F5B-A0EF-17A3328AD628}.AppStore|x64.Build.0 = Release|Any CPU
		{CFE8799D-DC1E-4F5B-A0EF-17A3328AD628}.AppStore|x64.Deploy.0 = Release|Any CPU
		{CFE8799D-DC1E-4F5B-A0EF-17A3328AD628}.AppStore|x86.ActiveCfg = Release|Any CPU
		{CFE8799D-DC1E-4F5B-A0EF-17A3328AD628}.AppStore|x86.Build.0 = Release|Any CPU
		{CFE8799D-DC1E-4F5B-A0EF-17A3328AD628}.AppStore|x86.Deploy.0 = Release|Any CPU
		{CFE8799D-DC1E-4F5B-A0EF-17A3328AD628}.Debug|Any CPU.ActiveCfg = Debug|Any CPU
		{CFE8799D-DC1E-4F5B-A0EF-17A3328AD628}.Debug|Any CPU.Build.0 = Debug|Any CPU
		{CFE8799D-DC1E-4F5B-A0EF-17A3328AD628}.Debug|Any CPU.Deploy.0 = Debug|Any CPU
		{CFE8799D-DC1E-4F5B-A0EF-17A3328AD628}.Debug|ARM.ActiveCfg = Debug|Any CPU
		{CFE8799D-DC1E-4F5B-A0EF-17A3328AD628}.Debug|ARM.Build.0 = Debug|Any CPU
		{CFE8799D-DC1E-4F5B-A0EF-17A3328AD628}.Debug|ARM.Deploy.0 = Debug|Any CPU
		{CFE8799D-DC1E-4F5B-A0EF-17A3328AD628}.Debug|iPhone.ActiveCfg = Debug|Any CPU
		{CFE8799D-DC1E-4F5B-A0EF-17A3328AD628}.Debug|iPhone.Build.0 = Debug|Any CPU
		{CFE8799D-DC1E-4F5B-A0EF-17A3328AD628}.Debug|iPhone.Deploy.0 = Debug|Any CPU
		{CFE8799D-DC1E-4F5B-A0EF-17A3328AD628}.Debug|iPhoneSimulator.ActiveCfg = Debug|Any CPU
		{CFE8799D-DC1E-4F5B-A0EF-17A3328AD628}.Debug|iPhoneSimulator.Build.0 = Debug|Any CPU
		{CFE8799D-DC1E-4F5B-A0EF-17A3328AD628}.Debug|iPhoneSimulator.Deploy.0 = Debug|Any CPU
		{CFE8799D-DC1E-4F5B-A0EF-17A3328AD628}.Debug|x64.ActiveCfg = Debug|Any CPU
		{CFE8799D-DC1E-4F5B-A0EF-17A3328AD628}.Debug|x64.Build.0 = Debug|Any CPU
		{CFE8799D-DC1E-4F5B-A0EF-17A3328AD628}.Debug|x64.Deploy.0 = Debug|Any CPU
		{CFE8799D-DC1E-4F5B-A0EF-17A3328AD628}.Debug|x86.ActiveCfg = Debug|Any CPU
		{CFE8799D-DC1E-4F5B-A0EF-17A3328AD628}.Debug|x86.Build.0 = Debug|Any CPU
		{CFE8799D-DC1E-4F5B-A0EF-17A3328AD628}.Debug|x86.Deploy.0 = Debug|Any CPU
		{CFE8799D-DC1E-4F5B-A0EF-17A3328AD628}.Release|Any CPU.ActiveCfg = Release|Any CPU
		{CFE8799D-DC1E-4F5B-A0EF-17A3328AD628}.Release|Any CPU.Build.0 = Release|Any CPU
		{CFE8799D-DC1E-4F5B-A0EF-17A3328AD628}.Release|Any CPU.Deploy.0 = Release|Any CPU
		{CFE8799D-DC1E-4F5B-A0EF-17A3328AD628}.Release|ARM.ActiveCfg = Release|Any CPU
		{CFE8799D-DC1E-4F5B-A0EF-17A3328AD628}.Release|ARM.Build.0 = Release|Any CPU
		{CFE8799D-DC1E-4F5B-A0EF-17A3328AD628}.Release|ARM.Deploy.0 = Release|Any CPU
		{CFE8799D-DC1E-4F5B-A0EF-17A3328AD628}.Release|iPhone.ActiveCfg = Release|Any CPU
		{CFE8799D-DC1E-4F5B-A0EF-17A3328AD628}.Release|iPhone.Build.0 = Release|Any CPU
		{CFE8799D-DC1E-4F5B-A0EF-17A3328AD628}.Release|iPhone.Deploy.0 = Release|Any CPU
		{CFE8799D-DC1E-4F5B-A0EF-17A3328AD628}.Release|iPhoneSimulator.ActiveCfg = Release|Any CPU
		{CFE8799D-DC1E-4F5B-A0EF-17A3328AD628}.Release|iPhoneSimulator.Build.0 = Release|Any CPU
		{CFE8799D-DC1E-4F5B-A0EF-17A3328AD628}.Release|iPhoneSimulator.Deploy.0 = Release|Any CPU
		{CFE8799D-DC1E-4F5B-A0EF-17A3328AD628}.Release|x64.ActiveCfg = Release|Any CPU
		{CFE8799D-DC1E-4F5B-A0EF-17A3328AD628}.Release|x64.Build.0 = Release|Any CPU
		{CFE8799D-DC1E-4F5B-A0EF-17A3328AD628}.Release|x64.Deploy.0 = Release|Any CPU
		{CFE8799D-DC1E-4F5B-A0EF-17A3328AD628}.Release|x86.ActiveCfg = Release|Any CPU
		{CFE8799D-DC1E-4F5B-A0EF-17A3328AD628}.Release|x86.Build.0 = Release|Any CPU
		{CFE8799D-DC1E-4F5B-A0EF-17A3328AD628}.Release|x86.Deploy.0 = Release|Any CPU
		{B8527304-BF99-4658-821F-EAE2EE8D28D3}.Ad-Hoc|Any CPU.ActiveCfg = Ad-Hoc|iPhone
		{B8527304-BF99-4658-821F-EAE2EE8D28D3}.Ad-Hoc|ARM.ActiveCfg = Ad-Hoc|iPhone
		{B8527304-BF99-4658-821F-EAE2EE8D28D3}.Ad-Hoc|iPhone.ActiveCfg = Ad-Hoc|iPhone
		{B8527304-BF99-4658-821F-EAE2EE8D28D3}.Ad-Hoc|iPhone.Build.0 = Ad-Hoc|iPhone
		{B8527304-BF99-4658-821F-EAE2EE8D28D3}.Ad-Hoc|iPhoneSimulator.ActiveCfg = Ad-Hoc|iPhoneSimulator
		{B8527304-BF99-4658-821F-EAE2EE8D28D3}.Ad-Hoc|iPhoneSimulator.Build.0 = Ad-Hoc|iPhoneSimulator
		{B8527304-BF99-4658-821F-EAE2EE8D28D3}.Ad-Hoc|x64.ActiveCfg = Ad-Hoc|iPhone
		{B8527304-BF99-4658-821F-EAE2EE8D28D3}.Ad-Hoc|x86.ActiveCfg = Ad-Hoc|iPhone
		{B8527304-BF99-4658-821F-EAE2EE8D28D3}.AppStore|Any CPU.ActiveCfg = AppStore|iPhone
		{B8527304-BF99-4658-821F-EAE2EE8D28D3}.AppStore|ARM.ActiveCfg = AppStore|iPhone
		{B8527304-BF99-4658-821F-EAE2EE8D28D3}.AppStore|iPhone.ActiveCfg = AppStore|iPhone
		{B8527304-BF99-4658-821F-EAE2EE8D28D3}.AppStore|iPhone.Build.0 = AppStore|iPhone
		{B8527304-BF99-4658-821F-EAE2EE8D28D3}.AppStore|iPhoneSimulator.ActiveCfg = AppStore|iPhoneSimulator
		{B8527304-BF99-4658-821F-EAE2EE8D28D3}.AppStore|iPhoneSimulator.Build.0 = AppStore|iPhoneSimulator
		{B8527304-BF99-4658-821F-EAE2EE8D28D3}.AppStore|x64.ActiveCfg = AppStore|iPhone
		{B8527304-BF99-4658-821F-EAE2EE8D28D3}.AppStore|x86.ActiveCfg = AppStore|iPhone
		{B8527304-BF99-4658-821F-EAE2EE8D28D3}.Debug|Any CPU.ActiveCfg = Debug|iPhone
		{B8527304-BF99-4658-821F-EAE2EE8D28D3}.Debug|ARM.ActiveCfg = Debug|iPhone
		{B8527304-BF99-4658-821F-EAE2EE8D28D3}.Debug|iPhone.ActiveCfg = Debug|iPhone
		{B8527304-BF99-4658-821F-EAE2EE8D28D3}.Debug|iPhone.Build.0 = Debug|iPhone
		{B8527304-BF99-4658-821F-EAE2EE8D28D3}.Debug|iPhoneSimulator.ActiveCfg = Debug|iPhoneSimulator
		{B8527304-BF99-4658-821F-EAE2EE8D28D3}.Debug|iPhoneSimulator.Build.0 = Debug|iPhoneSimulator
		{B8527304-BF99-4658-821F-EAE2EE8D28D3}.Debug|x64.ActiveCfg = Debug|iPhone
		{B8527304-BF99-4658-821F-EAE2EE8D28D3}.Debug|x86.ActiveCfg = Debug|iPhone
		{B8527304-BF99-4658-821F-EAE2EE8D28D3}.Release|Any CPU.ActiveCfg = Release|iPhone
		{B8527304-BF99-4658-821F-EAE2EE8D28D3}.Release|ARM.ActiveCfg = Release|iPhone
		{B8527304-BF99-4658-821F-EAE2EE8D28D3}.Release|iPhone.ActiveCfg = Release|iPhone
		{B8527304-BF99-4658-821F-EAE2EE8D28D3}.Release|iPhone.Build.0 = Release|iPhone
		{B8527304-BF99-4658-821F-EAE2EE8D28D3}.Release|iPhoneSimulator.ActiveCfg = Release|iPhoneSimulator
		{B8527304-BF99-4658-821F-EAE2EE8D28D3}.Release|iPhoneSimulator.Build.0 = Release|iPhoneSimulator
		{B8527304-BF99-4658-821F-EAE2EE8D28D3}.Release|x64.ActiveCfg = Release|iPhone
		{B8527304-BF99-4658-821F-EAE2EE8D28D3}.Release|x86.ActiveCfg = Release|iPhone
		{4C70E819-DE56-4D29-87A8-096B7D91815F}.Ad-Hoc|Any CPU.ActiveCfg = Release|x64
		{4C70E819-DE56-4D29-87A8-096B7D91815F}.Ad-Hoc|Any CPU.Build.0 = Release|x64
		{4C70E819-DE56-4D29-87A8-096B7D91815F}.Ad-Hoc|Any CPU.Deploy.0 = Release|x64
		{4C70E819-DE56-4D29-87A8-096B7D91815F}.Ad-Hoc|ARM.ActiveCfg = Release|ARM
		{4C70E819-DE56-4D29-87A8-096B7D91815F}.Ad-Hoc|ARM.Build.0 = Release|ARM
		{4C70E819-DE56-4D29-87A8-096B7D91815F}.Ad-Hoc|ARM.Deploy.0 = Release|ARM
		{4C70E819-DE56-4D29-87A8-096B7D91815F}.Ad-Hoc|iPhone.ActiveCfg = Release|x64
		{4C70E819-DE56-4D29-87A8-096B7D91815F}.Ad-Hoc|iPhone.Build.0 = Release|x64
		{4C70E819-DE56-4D29-87A8-096B7D91815F}.Ad-Hoc|iPhone.Deploy.0 = Release|x64
		{4C70E819-DE56-4D29-87A8-096B7D91815F}.Ad-Hoc|iPhoneSimulator.ActiveCfg = Release|x64
		{4C70E819-DE56-4D29-87A8-096B7D91815F}.Ad-Hoc|iPhoneSimulator.Build.0 = Release|x64
		{4C70E819-DE56-4D29-87A8-096B7D91815F}.Ad-Hoc|iPhoneSimulator.Deploy.0 = Release|x64
		{4C70E819-DE56-4D29-87A8-096B7D91815F}.Ad-Hoc|x64.ActiveCfg = Release|x64
		{4C70E819-DE56-4D29-87A8-096B7D91815F}.Ad-Hoc|x64.Build.0 = Release|x64
		{4C70E819-DE56-4D29-87A8-096B7D91815F}.Ad-Hoc|x64.Deploy.0 = Release|x64
		{4C70E819-DE56-4D29-87A8-096B7D91815F}.Ad-Hoc|x86.ActiveCfg = Release|x86
		{4C70E819-DE56-4D29-87A8-096B7D91815F}.Ad-Hoc|x86.Build.0 = Release|x86
		{4C70E819-DE56-4D29-87A8-096B7D91815F}.Ad-Hoc|x86.Deploy.0 = Release|x86
		{4C70E819-DE56-4D29-87A8-096B7D91815F}.AppStore|Any CPU.ActiveCfg = Release|x64
		{4C70E819-DE56-4D29-87A8-096B7D91815F}.AppStore|Any CPU.Build.0 = Release|x64
		{4C70E819-DE56-4D29-87A8-096B7D91815F}.AppStore|Any CPU.Deploy.0 = Release|x64
		{4C70E819-DE56-4D29-87A8-096B7D91815F}.AppStore|ARM.ActiveCfg = Release|ARM
		{4C70E819-DE56-4D29-87A8-096B7D91815F}.AppStore|ARM.Build.0 = Release|ARM
		{4C70E819-DE56-4D29-87A8-096B7D91815F}.AppStore|ARM.Deploy.0 = Release|ARM
		{4C70E819-DE56-4D29-87A8-096B7D91815F}.AppStore|iPhone.ActiveCfg = Release|x64
		{4C70E819-DE56-4D29-87A8-096B7D91815F}.AppStore|iPhone.Build.0 = Release|x64
		{4C70E819-DE56-4D29-87A8-096B7D91815F}.AppStore|iPhone.Deploy.0 = Release|x64
		{4C70E819-DE56-4D29-87A8-096B7D91815F}.AppStore|iPhoneSimulator.ActiveCfg = Release|x64
		{4C70E819-DE56-4D29-87A8-096B7D91815F}.AppStore|iPhoneSimulator.Build.0 = Release|x64
		{4C70E819-DE56-4D29-87A8-096B7D91815F}.AppStore|iPhoneSimulator.Deploy.0 = Release|x64
		{4C70E819-DE56-4D29-87A8-096B7D91815F}.AppStore|x64.ActiveCfg = Release|x64
		{4C70E819-DE56-4D29-87A8-096B7D91815F}.AppStore|x64.Build.0 = Release|x64
		{4C70E819-DE56-4D29-87A8-096B7D91815F}.AppStore|x64.Deploy.0 = Release|x64
		{4C70E819-DE56-4D29-87A8-096B7D91815F}.AppStore|x86.ActiveCfg = Release|x86
		{4C70E819-DE56-4D29-87A8-096B7D91815F}.AppStore|x86.Build.0 = Release|x86
		{4C70E819-DE56-4D29-87A8-096B7D91815F}.AppStore|x86.Deploy.0 = Release|x86
		{4C70E819-DE56-4D29-87A8-096B7D91815F}.Debug|Any CPU.ActiveCfg = Debug|x86
		{4C70E819-DE56-4D29-87A8-096B7D91815F}.Debug|ARM.ActiveCfg = Debug|ARM
		{4C70E819-DE56-4D29-87A8-096B7D91815F}.Debug|ARM.Build.0 = Debug|ARM
		{4C70E819-DE56-4D29-87A8-096B7D91815F}.Debug|ARM.Deploy.0 = Debug|ARM
		{4C70E819-DE56-4D29-87A8-096B7D91815F}.Debug|iPhone.ActiveCfg = Debug|x86
		{4C70E819-DE56-4D29-87A8-096B7D91815F}.Debug|iPhoneSimulator.ActiveCfg = Debug|x86
		{4C70E819-DE56-4D29-87A8-096B7D91815F}.Debug|x64.ActiveCfg = Debug|x64
		{4C70E819-DE56-4D29-87A8-096B7D91815F}.Debug|x64.Build.0 = Debug|x64
		{4C70E819-DE56-4D29-87A8-096B7D91815F}.Debug|x64.Deploy.0 = Debug|x64
		{4C70E819-DE56-4D29-87A8-096B7D91815F}.Debug|x86.ActiveCfg = Debug|x86
		{4C70E819-DE56-4D29-87A8-096B7D91815F}.Debug|x86.Build.0 = Debug|x86
		{4C70E819-DE56-4D29-87A8-096B7D91815F}.Debug|x86.Deploy.0 = Debug|x86
		{4C70E819-DE56-4D29-87A8-096B7D91815F}.Release|Any CPU.ActiveCfg = Release|x86
		{4C70E819-DE56-4D29-87A8-096B7D91815F}.Release|ARM.ActiveCfg = Release|ARM
		{4C70E819-DE56-4D29-87A8-096B7D91815F}.Release|ARM.Build.0 = Release|ARM
		{4C70E819-DE56-4D29-87A8-096B7D91815F}.Release|ARM.Deploy.0 = Release|ARM
		{4C70E819-DE56-4D29-87A8-096B7D91815F}.Release|iPhone.ActiveCfg = Release|x86
		{4C70E819-DE56-4D29-87A8-096B7D91815F}.Release|iPhoneSimulator.ActiveCfg = Release|x86
		{4C70E819-DE56-4D29-87A8-096B7D91815F}.Release|x64.ActiveCfg = Release|x64
		{4C70E819-DE56-4D29-87A8-096B7D91815F}.Release|x64.Build.0 = Release|x64
		{4C70E819-DE56-4D29-87A8-096B7D91815F}.Release|x64.Deploy.0 = Release|x64
		{4C70E819-DE56-4D29-87A8-096B7D91815F}.Release|x86.ActiveCfg = Release|x86
		{4C70E819-DE56-4D29-87A8-096B7D91815F}.Release|x86.Build.0 = Release|x86
		{4C70E819-DE56-4D29-87A8-096B7D91815F}.Release|x86.Deploy.0 = Release|x86
		{DCE66784-4E4E-4009-9070-BA283CA1EF2C}.Ad-Hoc|Any CPU.ActiveCfg = Debug|Any CPU
		{DCE66784-4E4E-4009-9070-BA283CA1EF2C}.Ad-Hoc|Any CPU.Build.0 = Debug|Any CPU
		{DCE66784-4E4E-4009-9070-BA283CA1EF2C}.Ad-Hoc|ARM.ActiveCfg = Debug|Any CPU
		{DCE66784-4E4E-4009-9070-BA283CA1EF2C}.Ad-Hoc|ARM.Build.0 = Debug|Any CPU
		{DCE66784-4E4E-4009-9070-BA283CA1EF2C}.Ad-Hoc|iPhone.ActiveCfg = Debug|Any CPU
		{DCE66784-4E4E-4009-9070-BA283CA1EF2C}.Ad-Hoc|iPhone.Build.0 = Debug|Any CPU
		{DCE66784-4E4E-4009-9070-BA283CA1EF2C}.Ad-Hoc|iPhoneSimulator.ActiveCfg = Debug|Any CPU
		{DCE66784-4E4E-4009-9070-BA283CA1EF2C}.Ad-Hoc|iPhoneSimulator.Build.0 = Debug|Any CPU
		{DCE66784-4E4E-4009-9070-BA283CA1EF2C}.Ad-Hoc|x64.ActiveCfg = Debug|Any CPU
		{DCE66784-4E4E-4009-9070-BA283CA1EF2C}.Ad-Hoc|x64.Build.0 = Debug|Any CPU
		{DCE66784-4E4E-4009-9070-BA283CA1EF2C}.Ad-Hoc|x86.ActiveCfg = Debug|Any CPU
		{DCE66784-4E4E-4009-9070-BA283CA1EF2C}.Ad-Hoc|x86.Build.0 = Debug|Any CPU
		{DCE66784-4E4E-4009-9070-BA283CA1EF2C}.AppStore|Any CPU.ActiveCfg = Debug|Any CPU
		{DCE66784-4E4E-4009-9070-BA283CA1EF2C}.AppStore|Any CPU.Build.0 = Debug|Any CPU
		{DCE66784-4E4E-4009-9070-BA283CA1EF2C}.AppStore|ARM.ActiveCfg = Debug|Any CPU
		{DCE66784-4E4E-4009-9070-BA283CA1EF2C}.AppStore|ARM.Build.0 = Debug|Any CPU
		{DCE66784-4E4E-4009-9070-BA283CA1EF2C}.AppStore|iPhone.ActiveCfg = Debug|Any CPU
		{DCE66784-4E4E-4009-9070-BA283CA1EF2C}.AppStore|iPhone.Build.0 = Debug|Any CPU
		{DCE66784-4E4E-4009-9070-BA283CA1EF2C}.AppStore|iPhoneSimulator.ActiveCfg = Debug|Any CPU
		{DCE66784-4E4E-4009-9070-BA283CA1EF2C}.AppStore|iPhoneSimulator.Build.0 = Debug|Any CPU
		{DCE66784-4E4E-4009-9070-BA283CA1EF2C}.AppStore|x64.ActiveCfg = Debug|Any CPU
		{DCE66784-4E4E-4009-9070-BA283CA1EF2C}.AppStore|x64.Build.0 = Debug|Any CPU
		{DCE66784-4E4E-4009-9070-BA283CA1EF2C}.AppStore|x86.ActiveCfg = Debug|Any CPU
		{DCE66784-4E4E-4009-9070-BA283CA1EF2C}.AppStore|x86.Build.0 = Debug|Any CPU
		{DCE66784-4E4E-4009-9070-BA283CA1EF2C}.Debug|Any CPU.ActiveCfg = Debug|Any CPU
		{DCE66784-4E4E-4009-9070-BA283CA1EF2C}.Debug|Any CPU.Build.0 = Debug|Any CPU
		{DCE66784-4E4E-4009-9070-BA283CA1EF2C}.Debug|ARM.ActiveCfg = Debug|Any CPU
		{DCE66784-4E4E-4009-9070-BA283CA1EF2C}.Debug|ARM.Build.0 = Debug|Any CPU
		{DCE66784-4E4E-4009-9070-BA283CA1EF2C}.Debug|iPhone.ActiveCfg = Debug|Any CPU
		{DCE66784-4E4E-4009-9070-BA283CA1EF2C}.Debug|iPhone.Build.0 = Debug|Any CPU
		{DCE66784-4E4E-4009-9070-BA283CA1EF2C}.Debug|iPhoneSimulator.ActiveCfg = Debug|Any CPU
		{DCE66784-4E4E-4009-9070-BA283CA1EF2C}.Debug|iPhoneSimulator.Build.0 = Debug|Any CPU
		{DCE66784-4E4E-4009-9070-BA283CA1EF2C}.Debug|x64.ActiveCfg = Debug|Any CPU
		{DCE66784-4E4E-4009-9070-BA283CA1EF2C}.Debug|x64.Build.0 = Debug|Any CPU
		{DCE66784-4E4E-4009-9070-BA283CA1EF2C}.Debug|x86.ActiveCfg = Debug|Any CPU
		{DCE66784-4E4E-4009-9070-BA283CA1EF2C}.Debug|x86.Build.0 = Debug|Any CPU
		{DCE66784-4E4E-4009-9070-BA283CA1EF2C}.Release|Any CPU.ActiveCfg = Release|Any CPU
		{DCE66784-4E4E-4009-9070-BA283CA1EF2C}.Release|Any CPU.Build.0 = Release|Any CPU
		{DCE66784-4E4E-4009-9070-BA283CA1EF2C}.Release|ARM.ActiveCfg = Release|Any CPU
		{DCE66784-4E4E-4009-9070-BA283CA1EF2C}.Release|ARM.Build.0 = Release|Any CPU
		{DCE66784-4E4E-4009-9070-BA283CA1EF2C}.Release|iPhone.ActiveCfg = Release|Any CPU
		{DCE66784-4E4E-4009-9070-BA283CA1EF2C}.Release|iPhone.Build.0 = Release|Any CPU
		{DCE66784-4E4E-4009-9070-BA283CA1EF2C}.Release|iPhoneSimulator.ActiveCfg = Release|Any CPU
		{DCE66784-4E4E-4009-9070-BA283CA1EF2C}.Release|iPhoneSimulator.Build.0 = Release|Any CPU
		{DCE66784-4E4E-4009-9070-BA283CA1EF2C}.Release|x64.ActiveCfg = Release|Any CPU
		{DCE66784-4E4E-4009-9070-BA283CA1EF2C}.Release|x64.Build.0 = Release|Any CPU
		{DCE66784-4E4E-4009-9070-BA283CA1EF2C}.Release|x86.ActiveCfg = Release|Any CPU
		{DCE66784-4E4E-4009-9070-BA283CA1EF2C}.Release|x86.Build.0 = Release|Any CPU
	EndGlobalSection
	GlobalSection(SolutionProperties) = preSolution
		HideSolutionNode = FALSE
	EndGlobalSection
	GlobalSection(ExtensibilityGlobals) = postSolution
		SolutionGuid = {FF4C713D-A6CC-4B17-A6E7-CB701F02528F}
	EndGlobalSection
EndGlobal
